
Microsoft Visual Studio Solution File, Format Version 12.00
# Visual Studio Version 17
VisualStudioVersion = 17.4.32804.182
MinimumVisualStudioVersion = 10.0.40219.1
Project("{FAE04EC0-301F-11D3-BF4B-00C04F79EFBC}") = "CrudNet7Razor", "CrudNet7Razor\CrudNet7Razor.csproj", "{4F731A52-E801-47E9-BB0F-32C7FF9EC97C}"
EndProject
Project("{2150E333-8FDC-42A3-9474-1A3956D46DE8}") = "Solution Items", "Solution Items", "{9A846BB3-FE4C-4C72-8A45-FBBC921F418E}"
	ProjectSection(SolutionItems) = preProject
		.editorconfig = .editorconfig
	EndProjectSection
EndProject
Global
	GlobalSection(SolutionConfigurationPlatforms) = preSolution
		Debug|Any CPU = Debug|Any CPU
		Release|Any CPU = Release|Any CPU
	EndGlobalSection
	GlobalSection(ProjectConfigurationPlatforms) = postSolution
		{4F731A52-E801-47E9-BB0F-32C7FF9EC97C}.Debug|Any CPU.ActiveCfg = Debug|Any CPU
		{4F731A52-E801-47E9-BB0F-32C7FF9EC97C}.Debug|Any CPU.Build.0 = Debug|Any CPU
		{4F731A52-E801-47E9-BB0F-32C7FF9EC97C}.Release|Any CPU.ActiveCfg = Release|Any CPU
		{4F731A52-E801-47E9-BB0F-32C7FF9EC97C}.Release|Any CPU.Build.0 = Release|Any CPU
	EndGlobalSection
	GlobalSection(SolutionProperties) = preSolution
		HideSolutionNode = FALSE
	EndGlobalSection
	GlobalSection(ExtensibilityGlobals) = postSolution
		SolutionGuid = {614AA88F-3B5B-4A7F-84A8-189955ADBA88}
	EndGlobalSection
EndGlobal
